
Microsoft Visual Studio Solution File, Format Version 12.00
# Visual Studio Version 16
VisualStudioVersion = 16.0.30413.136
MinimumVisualStudioVersion = 10.0.40219.1
Project("{FAE04EC0-301F-11D3-BF4B-00C04F79EFBC}") = "TIProDataTest", "TIProDataTest\TIProDataTest.csproj", "{18F0F9A5-B245-4FD6-A964-43BC1F586471}"
EndProject
Global
	GlobalSection(SolutionConfigurationPlatforms) = preSolution
		Debug|x64 = Debug|x64
		Debug|x86 = Debug|x86
		Release|x64 = Release|x64
		Release|x86 = Release|x86
	EndGlobalSection
	GlobalSection(ProjectConfigurationPlatforms) = postSolution
		{18F0F9A5-B245-4FD6-A964-43BC1F586471}.Debug|x64.ActiveCfg = Debug|x64
		{18F0F9A5-B245-4FD6-A964-43BC1F586471}.Debug|x64.Build.0 = Debug|x64
		{18F0F9A5-B245-4FD6-A964-43BC1F586471}.Debug|x86.ActiveCfg = Debug|x86
		{18F0F9A5-B245-4FD6-A964-43BC1F586471}.Debug|x86.Build.0 = Debug|x86
		{18F0F9A5-B245-4FD6-A964-43BC1F586471}.Release|x64.ActiveCfg = Release|x64
		{18F0F9A5-B245-4FD6-A964-43BC1F586471}.Release|x64.Build.0 = Release|x64
		{18F0F9A5-B245-4FD6-A964-43BC1F586471}.Release|x86.ActiveCfg = Release|x86
		{18F0F9A5-B245-4FD6-A964-43BC1F586471}.Release|x86.Build.0 = Release|x86
	EndGlobalSection
	GlobalSection(SolutionProperties) = preSolution
		HideSolutionNode = FALSE
	EndGlobalSection
	GlobalSection(ExtensibilityGlobals) = postSolution
		SolutionGuid = {CB34BDDB-CE81-4FDF-B418-97ED116C9008}
	EndGlobalSection
EndGlobal
